
Microsoft Visual Studio Solution File, Format Version 12.00
# Visual Studio Version 16
VisualStudioVersion = 16.0.30114.105
MinimumVisualStudioVersion = 10.0.40219.1
Project("{FAE04EC0-301F-11D3-BF4B-00C04F79EFBC}") = "API", "API\API.csproj", "{F3DD8F2E-9B49-47BD-91AA-C7F0DF4E10BE}"
EndProject
Project("{FAE04EC0-301F-11D3-BF4B-00C04F79EFBC}") = "Application", "Application\Application.csproj", "{A9889846-ABD3-4E53-B70B-E8EED98864D1}"
EndProject
Project("{FAE04EC0-301F-11D3-BF4B-00C04F79EFBC}") = "Presistence", "Presistence\Presistence.csproj", "{D7CDA3A2-D24C-4159-9F81-DA38D1A39586}"
EndProject
Project("{FAE04EC0-301F-11D3-BF4B-00C04F79EFBC}") = "Domain", "Domain\Domain.csproj", "{D2CED86D-6286-4AA1-A573-FC52A1449BC2}"
EndProject
Global
	GlobalSection(SolutionConfigurationPlatforms) = preSolution
		Debug|Any CPU = Debug|Any CPU
		Release|Any CPU = Release|Any CPU
	EndGlobalSection
	GlobalSection(SolutionProperties) = preSolution
		HideSolutionNode = FALSE
	EndGlobalSection
	GlobalSection(ProjectConfigurationPlatforms) = postSolution
		{F3DD8F2E-9B49-47BD-91AA-C7F0DF4E10BE}.Debug|Any CPU.ActiveCfg = Debug|Any CPU
		{F3DD8F2E-9B49-47BD-91AA-C7F0DF4E10BE}.Debug|Any CPU.Build.0 = Debug|Any CPU
		{F3DD8F2E-9B49-47BD-91AA-C7F0DF4E10BE}.Release|Any CPU.ActiveCfg = Release|Any CPU
		{F3DD8F2E-9B49-47BD-91AA-C7F0DF4E10BE}.Release|Any CPU.Build.0 = Release|Any CPU
		{A9889846-ABD3-4E53-B70B-E8EED98864D1}.Debug|Any CPU.ActiveCfg = Debug|Any CPU
		{A9889846-ABD3-4E53-B70B-E8EED98864D1}.Debug|Any CPU.Build.0 = Debug|Any CPU
		{A9889846-ABD3-4E53-B70B-E8EED98864D1}.Release|Any CPU.ActiveCfg = Release|Any CPU
		{A9889846-ABD3-4E53-B70B-E8EED98864D1}.Release|Any CPU.Build.0 = Release|Any CPU
		{D7CDA3A2-D24C-4159-9F81-DA38D1A39586}.Debug|Any CPU.ActiveCfg = Debug|Any CPU
		{D7CDA3A2-D24C-4159-9F81-DA38D1A39586}.Debug|Any CPU.Build.0 = Debug|Any CPU
		{D7CDA3A2-D24C-4159-9F81-DA38D1A39586}.Release|Any CPU.ActiveCfg = Release|Any CPU
		{D7CDA3A2-D24C-4159-9F81-DA38D1A39586}.Release|Any CPU.Build.0 = Release|Any CPU
		{D2CED86D-6286-4AA1-A573-FC52A1449BC2}.Debug|Any CPU.ActiveCfg = Debug|Any CPU
		{D2CED86D-6286-4AA1-A573-FC52A1449BC2}.Debug|Any CPU.Build.0 = Debug|Any CPU
		{D2CED86D-6286-4AA1-A573-FC52A1449BC2}.Release|Any CPU.ActiveCfg = Release|Any CPU
		{D2CED86D-6286-4AA1-A573-FC52A1449BC2}.Release|Any CPU.Build.0 = Release|Any CPU
	EndGlobalSection
EndGlobal
